
Microsoft Visual Studio Solution File, Format Version 12.00
# Visual Studio Version 17
VisualStudioVersion = 17.11.35327.3
MinimumVisualStudioVersion = 10.0.40219.1
Project("{FAE04EC0-301F-11D3-BF4B-00C04F79EFBC}") = "app1", "app1\app1.csproj", "{D42A7F4E-A8E4-473D-847F-655E65818BCB}"
EndProject
Global
	GlobalSection(SolutionConfigurationPlatforms) = preSolution
		Debug|Any CPU = Debug|Any CPU
		Release|Any CPU = Release|Any CPU
	EndGlobalSection
	GlobalSection(ProjectConfigurationPlatforms) = postSolution
		{D42A7F4E-A8E4-473D-847F-655E65818BCB}.Debug|Any CPU.ActiveCfg = Debug|Any CPU
		{D42A7F4E-A8E4-473D-847F-655E65818BCB}.Debug|Any CPU.Build.0 = Debug|Any CPU
		{D42A7F4E-A8E4-473D-847F-655E65818BCB}.Release|Any CPU.ActiveCfg = Release|Any CPU
		{D42A7F4E-A8E4-473D-847F-655E65818BCB}.Release|Any CPU.Build.0 = Release|Any CPU
	EndGlobalSection
	GlobalSection(SolutionProperties) = preSolution
		HideSolutionNode = FALSE
	EndGlobalSection
	GlobalSection(ExtensibilityGlobals) = postSolution
		SolutionGuid = {619CCB01-82E5-4141-B04F-C37CAA26C7CE}
	EndGlobalSection
EndGlobal
